
Microsoft Visual Studio Solution File, Format Version 12.00
# Visual Studio 15
VisualStudioVersion = 15.0.26730.16
MinimumVisualStudioVersion = 10.0.40219.1
Project("{FAE04EC0-301F-11D3-BF4B-00C04F79EFBC}") = "KebapBob", "KebapBob\KebapBob.csproj", "{F72BF730-C44B-40D4-B8D4-211D84CAFBE0}"
EndProject
Project("{00D1A9C2-B5F0-4AF3-8072-F6C62B433612}") = "Database1Project", "Database1Project\Database1Project.sqlproj", "{D1BBCE05-9828-4BCF-B420-7D81A9860728}"
EndProject
Project("{FAE04EC0-301F-11D3-BF4B-00C04F79EFBC}") = "DatabaseModel", "DatabaseModel\DatabaseModel.csproj", "{AE4645CF-8E48-4A1D-BA54-AECB9A47D1AD}"
EndProject
Project("{FAE04EC0-301F-11D3-BF4B-00C04F79EFBC}") = "KebapBobService", "EcommerceService\KebapBobService.csproj", "{ED7B757C-29D2-47FC-A4E1-A555DD3D436F}"
EndProject
Project("{FAE04EC0-301F-11D3-BF4B-00C04F79EFBC}") = "KebapBobModels", "KebapBobModels\KebapBobModels.csproj", "{5240C8EF-2337-4082-A425-D6A83299B0F2}"
EndProject
Project("{FAE04EC0-301F-11D3-BF4B-00C04F79EFBC}") = "KebapBob.Tests", "KebapBob.Tests\KebapBob.Tests.csproj", "{FE1B84A5-1C45-434A-9942-0E080F382D12}"
EndProject
Global
	GlobalSection(SolutionConfigurationPlatforms) = preSolution
		Debug|Any CPU = Debug|Any CPU
		Release|Any CPU = Release|Any CPU
	EndGlobalSection
	GlobalSection(ProjectConfigurationPlatforms) = postSolution
		{F72BF730-C44B-40D4-B8D4-211D84CAFBE0}.Debug|Any CPU.ActiveCfg = Debug|Any CPU
		{F72BF730-C44B-40D4-B8D4-211D84CAFBE0}.Debug|Any CPU.Build.0 = Debug|Any CPU
		{F72BF730-C44B-40D4-B8D4-211D84CAFBE0}.Release|Any CPU.ActiveCfg = Release|Any CPU
		{F72BF730-C44B-40D4-B8D4-211D84CAFBE0}.Release|Any CPU.Build.0 = Release|Any CPU
		{D1BBCE05-9828-4BCF-B420-7D81A9860728}.Debug|Any CPU.ActiveCfg = Debug|Any CPU
		{D1BBCE05-9828-4BCF-B420-7D81A9860728}.Debug|Any CPU.Build.0 = Debug|Any CPU
		{D1BBCE05-9828-4BCF-B420-7D81A9860728}.Debug|Any CPU.Deploy.0 = Debug|Any CPU
		{D1BBCE05-9828-4BCF-B420-7D81A9860728}.Release|Any CPU.ActiveCfg = Release|Any CPU
		{D1BBCE05-9828-4BCF-B420-7D81A9860728}.Release|Any CPU.Build.0 = Release|Any CPU
		{D1BBCE05-9828-4BCF-B420-7D81A9860728}.Release|Any CPU.Deploy.0 = Release|Any CPU
		{AE4645CF-8E48-4A1D-BA54-AECB9A47D1AD}.Debug|Any CPU.ActiveCfg = Debug|Any CPU
		{AE4645CF-8E48-4A1D-BA54-AECB9A47D1AD}.Debug|Any CPU.Build.0 = Debug|Any CPU
		{AE4645CF-8E48-4A1D-BA54-AECB9A47D1AD}.Release|Any CPU.ActiveCfg = Release|Any CPU
		{AE4645CF-8E48-4A1D-BA54-AECB9A47D1AD}.Release|Any CPU.Build.0 = Release|Any CPU
		{ED7B757C-29D2-47FC-A4E1-A555DD3D436F}.Debug|Any CPU.ActiveCfg = Debug|Any CPU
		{ED7B757C-29D2-47FC-A4E1-A555DD3D436F}.Debug|Any CPU.Build.0 = Debug|Any CPU
		{ED7B757C-29D2-47FC-A4E1-A555DD3D436F}.Release|Any CPU.ActiveCfg = Release|Any CPU
		{ED7B757C-29D2-47FC-A4E1-A555DD3D436F}.Release|Any CPU.Build.0 = Release|Any CPU
		{5240C8EF-2337-4082-A425-D6A83299B0F2}.Debug|Any CPU.ActiveCfg = Debug|Any CPU
		{5240C8EF-2337-4082-A425-D6A83299B0F2}.Debug|Any CPU.Build.0 = Debug|Any CPU
		{5240C8EF-2337-4082-A425-D6A83299B0F2}.Release|Any CPU.ActiveCfg = Release|Any CPU
		{5240C8EF-2337-4082-A425-D6A83299B0F2}.Release|Any CPU.Build.0 = Release|Any CPU
		{FE1B84A5-1C45-434A-9942-0E080F382D12}.Debug|Any CPU.ActiveCfg = Debug|Any CPU
		{FE1B84A5-1C45-434A-9942-0E080F382D12}.Debug|Any CPU.Build.0 = Debug|Any CPU
		{FE1B84A5-1C45-434A-9942-0E080F382D12}.Release|Any CPU.ActiveCfg = Release|Any CPU
		{FE1B84A5-1C45-434A-9942-0E080F382D12}.Release|Any CPU.Build.0 = Release|Any CPU
	EndGlobalSection
	GlobalSection(SolutionProperties) = preSolution
		HideSolutionNode = FALSE
	EndGlobalSection
	GlobalSection(ExtensibilityGlobals) = postSolution
		SolutionGuid = {328451D5-74AF-4FC7-92AF-769EE8FA3DB6}
		EnterpriseLibraryConfigurationToolBinariesPath = packages\Unity.2.1.505.0\lib\NET35
	EndGlobalSection
EndGlobal
